
Microsoft Visual Studio Solution File, Format Version 12.00
# Visual Studio Version 16
VisualStudioVersion = 16.0.29306.81
MinimumVisualStudioVersion = 10.0.40219.1
Project("{FAE04EC0-301F-11D3-BF4B-00C04F79EFBC}") = "Envanter", "Envanter\Envanter.csproj", "{F35AF89B-D6E9-405E-83F9-2EEB0D57DBFB}"
EndProject
Global
	GlobalSection(SolutionConfigurationPlatforms) = preSolution
		Debug|Any CPU = Debug|Any CPU
		Release|Any CPU = Release|Any CPU
	EndGlobalSection
	GlobalSection(ProjectConfigurationPlatforms) = postSolution
		{F35AF89B-D6E9-405E-83F9-2EEB0D57DBFB}.Debug|Any CPU.ActiveCfg = Debug|Any CPU
		{F35AF89B-D6E9-405E-83F9-2EEB0D57DBFB}.Debug|Any CPU.Build.0 = Debug|Any CPU
		{F35AF89B-D6E9-405E-83F9-2EEB0D57DBFB}.Release|Any CPU.ActiveCfg = Release|Any CPU
		{F35AF89B-D6E9-405E-83F9-2EEB0D57DBFB}.Release|Any CPU.Build.0 = Release|Any CPU
	EndGlobalSection
	GlobalSection(SolutionProperties) = preSolution
		HideSolutionNode = FALSE
	EndGlobalSection
	GlobalSection(ExtensibilityGlobals) = postSolution
		SolutionGuid = {DD7A28E4-2EB9-4AF6-84D4-C8ADA4A70533}
	EndGlobalSection
EndGlobal
